// !$*UTF8*$!
{
	archiveVersion = 1;
	classes = {
	};
	objectVersion = 77;
	objects = {

/* Begin PBXBuildFile section */
		312EE22F2D76386E00C287F8 /* Preview Assets.xcassets in Resources */ = {isa = PBXBuildFile; fileRef = 312EE2292D76386E00C287F8 /* Preview Assets.xcassets */; };
		312EE2302D76386E00C287F8 /* Assets.xcassets in Resources */ = {isa = PBXBuildFile; fileRef = 312EE22B2D76386E00C287F8 /* Assets.xcassets */; };
		312EE2312D76386E00C287F8 /* LeapYearCheckerView.swift in Sources */ = {isa = PBXBuildFile; fileRef = 312EE22C2D76386E00C287F8 /* LeapYearCheckerView.swift */; };
		312EE2322D76386E00C287F8 /* LeapYearCheckerApp.swift in Sources */ = {isa = PBXBuildFile; fileRef = 312EE22D2D76386E00C287F8 /* LeapYearCheckerApp.swift */; };
		312EE2372D7638A200C287F8 /* LeapYearChecker.swift in Sources */ = {isa = PBXBuildFile; fileRef = 312EE2362D76389E00C287F8 /* LeapYearChecker.swift */; };
		312EE2392D763C8000C287F8 /* LeapYearCheckerViewModel.swift in Sources */ = {isa = PBXBuildFile; fileRef = 312EE2382D763C6B00C287F8 /* LeapYearCheckerViewModel.swift */; };
		312EE23B2D76416800C287F8 /* Untitled.swift in Sources */ = {isa = PBXBuildFile; fileRef = 312EE23A2D76416100C287F8 /* Untitled.swift */; };
/* End PBXBuildFile section */

/* Begin PBXFileReference section */
		312EE2182D76386400C287F8 /* LeapYearChecker.app */ = {isa = PBXFileReference; explicitFileType = wrapper.application; includeInIndex = 0; path = LeapYearChecker.app; sourceTree = BUILT_PRODUCTS_DIR; };
		312EE2292D76386E00C287F8 /* Preview Assets.xcassets */ = {isa = PBXFileReference; lastKnownFileType = folder.assetcatalog; path = "Preview Assets.xcassets"; sourceTree = "<group>"; };
		312EE22B2D76386E00C287F8 /* Assets.xcassets */ = {isa = PBXFileReference; lastKnownFileType = folder.assetcatalog; path = Assets.xcassets; sourceTree = "<group>"; };
		312EE22C2D76386E00C287F8 /* LeapYearCheckerView.swift */ = {isa = PBXFileReference; lastKnownFileType = sourcecode.swift; path = LeapYearCheckerView.swift; sourceTree = "<group>"; };
		312EE22D2D76386E00C287F8 /* LeapYearCheckerApp.swift */ = {isa = PBXFileReference; lastKnownFileType = sourcecode.swift; path = LeapYearCheckerApp.swift; sourceTree = "<group>"; };
		312EE2362D76389E00C287F8 /* LeapYearChecker.swift */ = {isa = PBXFileReference; lastKnownFileType = sourcecode.swift; path = LeapYearChecker.swift; sourceTree = "<group>"; };
		312EE2382D763C6B00C287F8 /* LeapYearCheckerViewModel.swift */ = {isa = PBXFileReference; lastKnownFileType = sourcecode.swift; path = LeapYearCheckerViewModel.swift; sourceTree = "<group>"; };
		312EE23A2D76416100C287F8 /* Untitled.swift */ = {isa = PBXFileReference; lastKnownFileType = sourcecode.swift; path = Untitled.swift; sourceTree = "<group>"; };
/* End PBXFileReference section */

/* Begin PBXFrameworksBuildPhase section */
		312EE2152D76386400C287F8 /* Frameworks */ = {
			isa = PBXFrameworksBuildPhase;
			buildActionMask = 2147483647;
			files = (
			);
			runOnlyForDeploymentPostprocessing = 0;
		};
/* End PBXFrameworksBuildPhase section */

/* Begin PBXGroup section */
		312EE20F2D76386400C287F8 = {
			isa = PBXGroup;
			children = (
				312EE22E2D76386E00C287F8 /* LeapYearChecker */,
				312EE2192D76386400C287F8 /* Products */,
			);
			sourceTree = "<group>";
		};
		312EE2192D76386400C287F8 /* Products */ = {
			isa = PBXGroup;
			children = (
				312EE2182D76386400C287F8 /* LeapYearChecker.app */,
			);
			name = Products;
			sourceTree = "<group>";
		};
		312EE22A2D76386E00C287F8 /* Preview Content */ = {
			isa = PBXGroup;
			children = (
				312EE2292D76386E00C287F8 /* Preview Assets.xcassets */,
			);
			path = "Preview Content";
			sourceTree = "<group>";
		};
		312EE22E2D76386E00C287F8 /* LeapYearChecker */ = {
			isa = PBXGroup;
			children = (
				312EE2332D76387300C287F8 /* Models */,
				312EE2342D76387700C287F8 /* ModelViews */,
				312EE22A2D76386E00C287F8 /* Preview Content */,
				312EE22B2D76386E00C287F8 /* Assets.xcassets */,
				312EE2352D76388D00C287F8 /* ContentViews */,
				312EE22D2D76386E00C287F8 /* LeapYearCheckerApp.swift */,
			);
			path = LeapYearChecker;
			sourceTree = "<group>";
		};
		312EE2332D76387300C287F8 /* Models */ = {
			isa = PBXGroup;
			children = (
				312EE2362D76389E00C287F8 /* LeapYearChecker.swift */,
			);
			path = Models;
			sourceTree = "<group>";
		};
		312EE2342D76387700C287F8 /* ModelViews */ = {
			isa = PBXGroup;
			children = (
				312EE2382D763C6B00C287F8 /* LeapYearCheckerViewModel.swift */,
			);
			path = ModelViews;
			sourceTree = "<group>";
		};
		312EE2352D76388D00C287F8 /* ContentViews */ = {
			isa = PBXGroup;
			children = (
				312EE22C2D76386E00C287F8 /* LeapYearCheckerView.swift */,
				312EE23A2D76416100C287F8 /* Untitled.swift */,
			);
			path = ContentViews;
			sourceTree = "<group>";
		};
/* End PBXGroup section */

/* Begin PBXNativeTarget section */
		312EE2172D76386400C287F8 /* LeapYearChecker */ = {
			isa = PBXNativeTarget;
			buildConfigurationList = 312EE2262D76386600C287F8 /* Build configuration list for PBXNativeTarget "LeapYearChecker" */;
			buildPhases = (
				312EE2142D76386400C287F8 /* Sources */,
				312EE2152D76386400C287F8 /* Frameworks */,
				312EE2162D76386400C287F8 /* Resources */,
			);
			buildRules = (
			);
			dependencies = (
			);
			name = LeapYearChecker;
			packageProductDependencies = (
			);
			productName = LeapYearChecker;
			productReference = 312EE2182D76386400C287F8 /* LeapYearChecker.app */;
			productType = "com.apple.product-type.application";
		};
/* End PBXNativeTarget section */

/* Begin PBXProject section */
		312EE2102D76386400C287F8 /* Project object */ = {
			isa = PBXProject;
			attributes = {
				BuildIndependentTargetsInParallel = 1;
				LastSwiftUpdateCheck = 1620;
				LastUpgradeCheck = 1620;
				TargetAttributes = {
					312EE2172D76386400C287F8 = {
						CreatedOnToolsVersion = 16.2;
					};
				};
			};
			buildConfigurationList = 312EE2132D76386400C287F8 /* Build configuration list for PBXProject "LeapYearChecker" */;
			developmentRegion = en;
			hasScannedForEncodings = 0;
			knownRegions = (
				en,
				Base,
			);
			mainGroup = 312EE20F2D76386400C287F8;
			minimizedProjectReferenceProxies = 1;
			preferredProjectObjectVersion = 77;
			productRefGroup = 312EE2192D76386400C287F8 /* Products */;
			projectDirPath = "";
			projectRoot = "";
			targets = (
				312EE2172D76386400C287F8 /* LeapYearChecker */,
			);
		};
/* End PBXProject section */

/* Begin PBXResourcesBuildPhase section */
		312EE2162D76386400C287F8 /* Resources */ = {
			isa = PBXResourcesBuildPhase;
			buildActionMask = 2147483647;
			files = (
				312EE22F2D76386E00C287F8 /* Preview Assets.xcassets in Resources */,
				312EE2302D76386E00C287F8 /* Assets.xcassets in Resources */,
			);
			runOnlyForDeploymentPostprocessing = 0;
		};
/* End PBXResourcesBuildPhase section */

/* Begin PBXSourcesBuildPhase section */
		312EE2142D76386400C287F8 /* Sources */ = {
			isa = PBXSourcesBuildPhase;
			buildActionMask = 2147483647;
			files = (
				312EE2372D7638A200C287F8 /* LeapYearChecker.swift in Sources */,
				312EE23B2D76416800C287F8 /* Untitled.swift in Sources */,
				312EE2392D763C8000C287F8 /* LeapYearCheckerViewModel.swift in Sources */,
				312EE2312D76386E00C287F8 /* LeapYearCheckerView.swift in Sources */,
				312EE2322D76386E00C287F8 /* LeapYearCheckerApp.swift in Sources */,
			);
			runOnlyForDeploymentPostprocessing = 0;
		};
/* End PBXSourcesBuildPhase section */

/* Begin XCBuildConfiguration section */
		312EE2242D76386600C287F8 /* Debug */ = {
			isa = XCBuildConfiguration;
			buildSettings = {
				ALWAYS_SEARCH_USER_PATHS = NO;
				ASSETCATALOG_COMPILER_GENERATE_SWIFT_ASSET_SYMBOL_EXTENSIONS = YES;
				CLANG_ANALYZER_NONNULL = YES;
				CLANG_ANALYZER_NUMBER_OBJECT_CONVERSION = YES_AGGRESSIVE;
				CLANG_CXX_LANGUAGE_STANDARD = "gnu++20";
				CLANG_ENABLE_MODULES = YES;
				CLANG_ENABLE_OBJC_ARC = YES;
				CLANG_ENABLE_OBJC_WEAK = YES;
				CLANG_WARN_BLOCK_CAPTURE_AUTORELEASING = YES;
				CLANG_WARN_BOOL_CONVERSION = YES;
				CLANG_WARN_COMMA = YES;
				CLANG_WARN_CONSTANT_CONVERSION = YES;
				CLANG_WARN_DEPRECATED_OBJC_IMPLEMENTATIONS = YES;
				CLANG_WARN_DIRECT_OBJC_ISA_USAGE = YES_ERROR;
				CLANG_WARN_DOCUMENTATION_COMMENTS = YES;
				CLANG_WARN_EMPTY_BODY = YES;
				CLANG_WARN_ENUM_CONVERSION = YES;
				CLANG_WARN_INFINITE_RECURSION = YES;
				CLANG_WARN_INT_CONVERSION = YES;
				CLANG_WARN_NON_LITERAL_NULL_CONVERSION = YES;
				CLANG_WARN_OBJC_IMPLICIT_RETAIN_SELF = YES;
				CLANG_WARN_OBJC_LITERAL_CONVERSION = YES;
				CLANG_WARN_OBJC_ROOT_CLASS = YES_ERROR;
				CLANG_WARN_QUOTED_INCLUDE_IN_FRAMEWORK_HEADER = YES;
				CLANG_WARN_RANGE_LOOP_ANALYSIS = YES;
				CLANG_WARN_STRICT_PROTOTYPES = YES;
				CLANG_WARN_SUSPICIOUS_MOVE = YES;
				CLANG_WARN_UNGUARDED_AVAILABILITY = YES_AGGRESSIVE;
				CLANG_WARN_UNREACHABLE_CODE = YES;
				CLANG_WARN__DUPLICATE_METHOD_MATCH = YES;
				COPY_PHASE_STRIP = NO;
				DEBUG_INFORMATION_FORMAT = dwarf;
				ENABLE_STRICT_OBJC_MSGSEND = YES;
				ENABLE_TESTABILITY = YES;
				ENABLE_USER_SCRIPT_SANDBOXING = YES;
				GCC_C_LANGUAGE_STANDARD = gnu17;
				GCC_DYNAMIC_NO_PIC = NO;
				GCC_NO_COMMON_BLOCKS = YES;
				GCC_OPTIMIZATION_LEVEL = 0;
				GCC_PREPROCESSOR_DEFINITIONS = (
					"DEBUG=1",
					"$(inherited)",
				);
				GCC_WARN_64_TO_32_BIT_CONVERSION = YES;
				GCC_WARN_ABOUT_RETURN_TYPE = YES_ERROR;
				GCC_WARN_UNDECLARED_SELECTOR = YES;
				GCC_WARN_UNINITIALIZED_AUTOS = YES_AGGRESSIVE;
				GCC_WARN_UNUSED_FUNCTION = YES;
				GCC_WARN_UNUSED_VARIABLE = YES;
				IPHONEOS_DEPLOYMENT_TARGET = 18.2;
				LOCALIZATION_PREFERS_STRING_CATALOGS = YES;
				MTL_ENABLE_DEBUG_INFO = INCLUDE_SOURCE;
				MTL_FAST_MATH = YES;
				ONLY_ACTIVE_ARCH = YES;
				SDKROOT = iphoneos;
				SWIFT_ACTIVE_COMPILATION_CONDITIONS = "DEBUG $(inherited)";
				SWIFT_OPTIMIZATION_LEVEL = "-Onone";
			};
			name = Debug;
		};
		312EE2252D76386600C287F8 /* Release */ = {
			isa = XCBuildConfiguration;
			buildSettings = {
				ALWAYS_SEARCH_USER_PATHS = NO;
				ASSETCATALOG_COMPILER_GENERATE_SWIFT_ASSET_SYMBOL_EXTENSIONS = YES;
				CLANG_ANALYZER_NONNULL = YES;
				CLANG_ANALYZER_NUMBER_OBJECT_CONVERSION = YES_AGGRESSIVE;
				CLANG_CXX_LANGUAGE_STANDARD = "gnu++20";
				CLANG_ENABLE_MODULES = YES;
				CLANG_ENABLE_OBJC_ARC = YES;
				CLANG_ENABLE_OBJC_WEAK = YES;
				CLANG_WARN_BLOCK_CAPTURE_AUTORELEASING = YES;
				CLANG_WARN_BOOL_CONVERSION = YES;
				CLANG_WARN_COMMA = YES;
				CLANG_WARN_CONSTANT_CONVERSION = YES;
				CLANG_WARN_DEPRECATED_OBJC_IMPLEMENTATIONS = YES;
				CLANG_WARN_DIRECT_OBJC_ISA_USAGE = YES_ERROR;
				CLANG_WARN_DOCUMENTATION_COMMENTS = YES;
				CLANG_WARN_EMPTY_BODY = YES;
				CLANG_WARN_ENUM_CONVERSION = YES;
				CLANG_WARN_INFINITE_RECURSION = YES;
				CLANG_WARN_INT_CONVERSION = YES;
				CLANG_WARN_NON_LITERAL_NULL_CONVERSION = YES;
				CLANG_WARN_OBJC_IMPLICIT_RETAIN_SELF = YES;
				CLANG_WARN_OBJC_LITERAL_CONVERSION = YES;
				CLANG_WARN_OBJC_ROOT_CLASS = YES_ERROR;
				CLANG_WARN_QUOTED_INCLUDE_IN_FRAMEWORK_HEADER = YES;
				CLANG_WARN_RANGE_LOOP_ANALYSIS = YES;
				CLANG_WARN_STRICT_PROTOTYPES = YES;
				CLANG_WARN_SUSPICIOUS_MOVE = YES;
				CLANG_WARN_UNGUARDED_AVAILABILITY = YES_AGGRESSIVE;
				CLANG_WARN_UNREACHABLE_CODE = YES;
				CLANG_WARN__DUPLICATE_METHOD_MATCH = YES;
				COPY_PHASE_STRIP = NO;
				DEBUG_INFORMATION_FORMAT = "dwarf-with-dsym";
				ENABLE_NS_ASSERTIONS = NO;
				ENABLE_STRICT_OBJC_MSGSEND = YES;
				ENABLE_USER_SCRIPT_SANDBOXING = YES;
				GCC_C_LANGUAGE_STANDARD = gnu17;
				GCC_NO_COMMON_BLOCKS = YES;
				GCC_WARN_64_TO_32_BIT_CONVERSION = YES;
				GCC_WARN_ABOUT_RETURN_TYPE = YES_ERROR;
				GCC_WARN_UNDECLARED_SELECTOR = YES;
				GCC_WARN_UNINITIALIZED_AUTOS = YES_AGGRESSIVE;
				GCC_WARN_UNUSED_FUNCTION = YES;
				GCC_WARN_UNUSED_VARIABLE = YES;
				IPHONEOS_DEPLOYMENT_TARGET = 18.2;
				LOCALIZATION_PREFERS_STRING_CATALOGS = YES;
				MTL_ENABLE_DEBUG_INFO = NO;
				MTL_FAST_MATH = YES;
				SDKROOT = iphoneos;
				SWIFT_COMPILATION_MODE = wholemodule;
				VALIDATE_PRODUCT = YES;
			};
			name = Release;
		};
		312EE2272D76386600C287F8 /* Debug */ = {
			isa = XCBuildConfiguration;
			buildSettings = {
				ASSETCATALOG_COMPILER_APPICON_NAME = AppIcon;
				ASSETCATALOG_COMPILER_GLOBAL_ACCENT_COLOR_NAME = AccentColor;
				CODE_SIGN_STYLE = Automatic;
				CURRENT_PROJECT_VERSION = 1;
				DEVELOPMENT_ASSET_PATHS = "\"LeapYearChecker/Preview Content\"";
				DEVELOPMENT_TEAM = 4UG443984D;
				ENABLE_PREVIEWS = YES;
				GENERATE_INFOPLIST_FILE = YES;
				INFOPLIST_KEY_UIApplicationSceneManifest_Generation = YES;
				INFOPLIST_KEY_UIApplicationSupportsIndirectInputEvents = YES;
				INFOPLIST_KEY_UILaunchScreen_Generation = YES;
				INFOPLIST_KEY_UISupportedInterfaceOrientations_iPad = "UIInterfaceOrientationPortrait UIInterfaceOrientationPortraitUpsideDown UIInterfaceOrientationLandscapeLeft UIInterfaceOrientationLandscapeRight";
				INFOPLIST_KEY_UISupportedInterfaceOrientations_iPhone = "UIInterfaceOrientationPortrait UIInterfaceOrientationLandscapeLeft UIInterfaceOrientationLandscapeRight";
				LD_RUNPATH_SEARCH_PATHS = (
					"$(inherited)",
					"@executable_path/Frameworks",
				);
				MARKETING_VERSION = 1.0;
				PRODUCT_BUNDLE_IDENTIFIER = ca.julienhwang.LeapYearChecker;
				PRODUCT_NAME = "$(TARGET_NAME)";
				SWIFT_EMIT_LOC_STRINGS = YES;
				SWIFT_VERSION = 5.0;
				TARGETED_DEVICE_FAMILY = "1,2";
			};
			name = Debug;
		};
		312EE2282D76386600C287F8 /* Release */ = {
			isa = XCBuildConfiguration;
			buildSettings = {
				ASSETCATALOG_COMPILER_APPICON_NAME = AppIcon;
				ASSETCATALOG_COMPILER_GLOBAL_ACCENT_COLOR_NAME = AccentColor;
				CODE_SIGN_STYLE = Automatic;
				CURRENT_PROJECT_VERSION = 1;
				DEVELOPMENT_ASSET_PATHS = "\"LeapYearChecker/Preview Content\"";
				DEVELOPMENT_TEAM = 4UG443984D;
				ENABLE_PREVIEWS = YES;
				GENERATE_INFOPLIST_FILE = YES;
				INFOPLIST_KEY_UIApplicationSceneManifest_Generation = YES;
				INFOPLIST_KEY_UIApplicationSupportsIndirectInputEvents = YES;
				INFOPLIST_KEY_UILaunchScreen_Generation = YES;
				INFOPLIST_KEY_UISupportedInterfaceOrientations_iPad = "UIInterfaceOrientationPortrait UIInterfaceOrientationPortraitUpsideDown UIInterfaceOrientationLandscapeLeft UIInterfaceOrientationLandscapeRight";
				INFOPLIST_KEY_UISupportedInterfaceOrientations_iPhone = "UIInterfaceOrientationPortrait UIInterfaceOrientationLandscapeLeft UIInterfaceOrientationLandscapeRight";
				LD_RUNPATH_SEARCH_PATHS = (
					"$(inherited)",
					"@executable_path/Frameworks",
				);
				MARKETING_VERSION = 1.0;
				PRODUCT_BUNDLE_IDENTIFIER = ca.julienhwang.LeapYearChecker;
				PRODUCT_NAME = "$(TARGET_NAME)";
				SWIFT_EMIT_LOC_STRINGS = YES;
				SWIFT_VERSION = 5.0;
				TARGETED_DEVICE_FAMILY = "1,2";
			};
			name = Release;
		};
/* End XCBuildConfiguration section */

/* Begin XCConfigurationList section */
		312EE2132D76386400C287F8 /* Build configuration list for PBXProject "LeapYearChecker" */ = {
			isa = XCConfigurationList;
			buildConfigurations = (
				312EE2242D76386600C287F8 /* Debug */,
				312EE2252D76386600C287F8 /* Release */,
			);
			defaultConfigurationIsVisible = 0;
			defaultConfigurationName = Release;
		};
		312EE2262D76386600C287F8 /* Build configuration list for PBXNativeTarget "LeapYearChecker" */ = {
			isa = XCConfigurationList;
			buildConfigurations = (
				312EE2272D76386600C287F8 /* Debug */,
				312EE2282D76386600C287F8 /* Release */,
			);
			defaultConfigurationIsVisible = 0;
			defaultConfigurationName = Release;
		};
/* End XCConfigurationList section */
	};
	rootObject = 312EE2102D76386400C287F8 /* Project object */;
}
